<?xml version="1.0" encoding="utf-8"?>
<Project ToolsVersion="4.0" xmlns="http://schemas.microsoft.com/developer/msbuild/2003">
  <ItemGroup>
    <Filter Include="Source Files">
      <UniqueIdentifier>{4FC737F1-C7A5-4376-A066-2A32D752A2FF}</UniqueIdentifier>
      <Extensions>cpp;c;cc;cxx;def;odl;idl;hpj;bat;asm;asmx</Extensions>
    </Filter>
    <Filter Include="Header Files">
      <UniqueIdentifier>{93995380-89BD-4b04-88EB-625FBE52EBFB}</UniqueIdentifier>
      <Extensions>h;hh;hpp;hxx;hm;inl;inc;ipp;xsd</Extensions>
    </Filter>
    <Filter Include="Resource Files">
      <UniqueIdentifier>{67DA6AB6-F800-4c08-8B7A-83BB121AAD01}</UniqueIdentifier>
      <Extensions>rc;ico;cur;bmp;dlg;rc2;rct;bin;rgs;gif;jpg;jpeg;jpe;resx;tiff;tif;png;wav;mfcribbon-ms</Extensions>
    </Filter>
    <Filter Include="Source Files\UMLEditor">
      <UniqueIdentifier>{962de215-f292-4b90-ae47-1cd09925d7d8}</UniqueIdentifier>
    </Filter>
    <Filter Include="Header Files\UMLEditor">
      <UniqueIdentifier>{f45772f3-0fbd-4fce-9828-9a6f3ab1e27f}</UniqueIdentifier>
    </Filter>
    <Filter Include="Header Files\DiagramEditor">
      <UniqueIdentifier>{db79290e-a5f3-43a0-9261-fd8ffa8b0310}</UniqueIdentifier>
    </Filter>
    <Filter Include="Source Files\DiagramEditor">
      <UniqueIdentifier>{8a08a440-0679-44a1-913e-6927fb5c2e98}</UniqueIdentifier>
    </Filter>
    <Filter Include="Header Files\DiskObject">
      <UniqueIdentifier>{68762fad-0c84-4a6a-bc2c-fffce1108afc}</UniqueIdentifier>
    </Filter>
    <Filter Include="Header Files\TextFile">
      <UniqueIdentifier>{84e852c9-dc90-4159-beb2-df66bff3da87}</UniqueIdentifier>
    </Filter>
    <Filter Include="Source Files\TextFile">
      <UniqueIdentifier>{d5804e47-ad7b-4076-a565-45169564bc6a}</UniqueIdentifier>
    </Filter>
    <Filter Include="Source Files\DiskObject">
      <UniqueIdentifier>{6914eeb8-94ee-40de-a307-1e55b3409def}</UniqueIdentifier>
    </Filter>
    <Filter Include="Source Files\NetworkEditor">
      <UniqueIdentifier>{6e99f345-f375-49e1-b96e-d9b41021fddf}</UniqueIdentifier>
    </Filter>
    <Filter Include="Header Files\NetworkEditor">
      <UniqueIdentifier>{de1cdd2d-49ec-400d-a626-4d7d27dcaafd}</UniqueIdentifier>
    </Filter>
    <Filter Include="Source Files\FlowchartEditor">
      <UniqueIdentifier>{019da491-3391-4aec-bf85-57c63aa08823}</UniqueIdentifier>
    </Filter>
    <Filter Include="Header Files\FlowchartEditor">
      <UniqueIdentifier>{7f99373a-7de3-4b8a-a3d9-9bd15a5bac1e}</UniqueIdentifier>
    </Filter>
    <Filter Include="Source Files\DialogEditor">
      <UniqueIdentifier>{c6b008ab-3621-4609-bf3c-bd172922847b}</UniqueIdentifier>
    </Filter>
    <Filter Include="Header Files\DialogEditor">
      <UniqueIdentifier>{e3da9ea2-9abc-481f-b203-b7d16fd56499}</UniqueIdentifier>
    </Filter>
  </ItemGroup>
  <ItemGroup>
    <ClInclude Include="Tulip.h">
      <Filter>Header Files</Filter>
    </ClInclude>
    <ClInclude Include="stdafx.h">
      <Filter>Header Files</Filter>
    </ClInclude>
    <ClInclude Include="targetver.h">
      <Filter>Header Files</Filter>
    </ClInclude>
    <ClInclude Include="MainFrm.h">
      <Filter>Header Files</Filter>
    </ClInclude>
    <ClInclude Include="ChildFrm.h">
      <Filter>Header Files</Filter>
    </ClInclude>
    <ClInclude Include="Resource.h">
      <Filter>Header Files</Filter>
    </ClInclude>
    <ClInclude Include="UMLEditor\AddParameterDialog.h">
      <Filter>Header Files\UMLEditor</Filter>
    </ClInclude>
    <ClInclude Include="UMLEditor\Attribute.h">
      <Filter>Header Files\UMLEditor</Filter>
    </ClInclude>
    <ClInclude Include="UMLEditor\AttributeContainer.h">
      <Filter>Header Files\UMLEditor</Filter>
    </ClInclude>
    <ClInclude Include="UMLEditor\ClassAttributePropertyDialog.h">
      <Filter>Header Files\UMLEditor</Filter>
    </ClInclude>
    <ClInclude Include="UMLEditor\ClassDisplayPropertyDialog.h">
      <Filter>Header Files\UMLEditor</Filter>
    </ClInclude>
    <ClInclude Include="UMLEditor\ClassOperationPropertyDialog.h">
      <Filter>Header Files\UMLEditor</Filter>
    </ClInclude>
    <ClInclude Include="UMLEditor\ExListBox.h">
      <Filter>Header Files\UMLEditor</Filter>
    </ClInclude>
    <ClInclude Include="UMLEditor\GetterSetterDialog.h">
      <Filter>Header Files\UMLEditor</Filter>
    </ClInclude>
    <ClInclude Include="UMLEditor\LinkFactory.h">
      <Filter>Header Files\UMLEditor</Filter>
    </ClInclude>
    <ClInclude Include="UMLEditor\Operation.h">
      <Filter>Header Files\UMLEditor</Filter>
    </ClInclude>
    <ClInclude Include="UMLEditor\OperationContainer.h">
      <Filter>Header Files\UMLEditor</Filter>
    </ClInclude>
    <ClInclude Include="UMLEditor\Parameter.h">
      <Filter>Header Files\UMLEditor</Filter>
    </ClInclude>
    <ClInclude Include="UMLEditor\ParameterContainer.h">
      <Filter>Header Files\UMLEditor</Filter>
    </ClInclude>
    <ClInclude Include="UMLEditor\Property.h">
      <Filter>Header Files\UMLEditor</Filter>
    </ClInclude>
    <ClInclude Include="UMLEditor\PropertyContainer.h">
      <Filter>Header Files\UMLEditor</Filter>
    </ClInclude>
    <ClInclude Include="UMLEditor\PropertyListEditorDialog.h">
      <Filter>Header Files\UMLEditor</Filter>
    </ClInclude>
    <ClInclude Include="UMLEditor\StringHelpers.h">
      <Filter>Header Files\UMLEditor</Filter>
    </ClInclude>
    <ClInclude Include="UMLEditor\UMLUndoItem.h">
      <Filter>Header Files\UMLEditor</Filter>
    </ClInclude>
    <ClInclude Include="UMLEditor\UMLClassPropertyDialog.h">
      <Filter>Header Files\UMLEditor</Filter>
    </ClInclude>
    <ClInclude Include="UMLEditor\UMLClipboardHandler.h">
      <Filter>Header Files\UMLEditor</Filter>
    </ClInclude>
    <ClInclude Include="UMLEditor\UMLControlFactory.h">
      <Filter>Header Files\UMLEditor</Filter>
    </ClInclude>
    <ClInclude Include="UMLEditor\UMLEditor.h">
      <Filter>Header Files\UMLEditor</Filter>
    </ClInclude>
    <ClInclude Include="UMLEditor\UMLEditorPropertyDialog.h">
      <Filter>Header Files\UMLEditor</Filter>
    </ClInclude>
    <ClInclude Include="UMLEditor\UMLEntity.h">
      <Filter>Header Files\UMLEditor</Filter>
    </ClInclude>
    <ClInclude Include="UMLEditor\UMLEntityClass.h">
      <Filter>Header Files\UMLEditor</Filter>
    </ClInclude>
    <ClInclude Include="UMLEditor\UMLEntityClassTemplate.h">
      <Filter>Header Files\UMLEditor</Filter>
    </ClInclude>
    <ClInclude Include="UMLEditor\UMLEntityContainer.h">
      <Filter>Header Files\UMLEditor</Filter>
    </ClInclude>
    <ClInclude Include="UMLEditor\UMLEntityDummy.h">
      <Filter>Header Files\UMLEditor</Filter>
    </ClInclude>
    <ClInclude Include="UMLEditor\UMLEntityInterface.h">
      <Filter>Header Files\UMLEditor</Filter>
    </ClInclude>
    <ClInclude Include="UMLEditor\UMLEntityLabel.h">
      <Filter>Header Files\UMLEditor</Filter>
    </ClInclude>
    <ClInclude Include="UMLEditor\UMLEntityNote.h">
      <Filter>Header Files\UMLEditor</Filter>
    </ClInclude>
    <ClInclude Include="UMLEditor\UMLEntityPackage.h">
      <Filter>Header Files\UMLEditor</Filter>
    </ClInclude>
    <ClInclude Include="UMLEditor\UMLInterfacePropertyDialog.h">
      <Filter>Header Files\UMLEditor</Filter>
    </ClInclude>
    <ClInclude Include="UMLEditor\UMLLabelPropertyDialog.h">
      <Filter>Header Files\UMLEditor</Filter>
    </ClInclude>
    <ClInclude Include="UMLEditor\UMLLineSegment.h">
      <Filter>Header Files\UMLEditor</Filter>
    </ClInclude>
    <ClInclude Include="UMLEditor\UMLLinkPropertyDialog.h">
      <Filter>Header Files\UMLEditor</Filter>
    </ClInclude>
    <ClInclude Include="UMLEditor\UMLMenu.h">
      <Filter>Header Files\UMLEditor</Filter>
    </ClInclude>
    <ClInclude Include="UMLEditor\UMLNotePropertyDialog.h">
      <Filter>Header Files\UMLEditor</Filter>
    </ClInclude>
    <ClInclude Include="UMLEditor\UMLPackagePropertyDialog.h">
      <Filter>Header Files\UMLEditor</Filter>
    </ClInclude>
    <ClInclude Include="UMLEditor\UMLTemplatePropertyDialog.h">
      <Filter>Header Files\UMLEditor</Filter>
    </ClInclude>
    <ClInclude Include="ExportDialog.h">
      <Filter>Header Files</Filter>
    </ClInclude>
    <ClInclude Include="UmlDoc.h">
      <Filter>Header Files</Filter>
    </ClInclude>
    <ClInclude Include="UmlView.h">
      <Filter>Header Files</Filter>
    </ClInclude>
    <ClInclude Include="DiagramEditor\DiagramClipboardHandler.h">
      <Filter>Header Files\DiagramEditor</Filter>
    </ClInclude>
    <ClInclude Include="DiagramEditor\DiagramEditor.h">
      <Filter>Header Files\DiagramEditor</Filter>
    </ClInclude>
    <ClInclude Include="DiagramEditor\DiagramEntity.h">
      <Filter>Header Files\DiagramEditor</Filter>
    </ClInclude>
    <ClInclude Include="DiagramEditor\DiagramEntityContainer.h">
      <Filter>Header Files\DiagramEditor</Filter>
    </ClInclude>
    <ClInclude Include="DiagramEditor\DiagramLine.h">
      <Filter>Header Files\DiagramEditor</Filter>
    </ClInclude>
    <ClInclude Include="DiagramEditor\DiagramMenu.h">
      <Filter>Header Files\DiagramEditor</Filter>
    </ClInclude>
    <ClInclude Include="DiagramEditor\DiagramPropertyDlg.h">
      <Filter>Header Files\DiagramEditor</Filter>
    </ClInclude>
    <ClInclude Include="DiagramEditor\GroupFactory.h">
      <Filter>Header Files\DiagramEditor</Filter>
    </ClInclude>
    <ClInclude Include="DiagramEditor\Tokenizer.h">
      <Filter>Header Files\DiagramEditor</Filter>
    </ClInclude>
    <ClInclude Include="DiagramEditor\UndoItem.h">
      <Filter>Header Files\DiagramEditor</Filter>
    </ClInclude>
    <ClInclude Include="DiskObject\DiskObject.h">
      <Filter>Header Files\DiskObject</Filter>
    </ClInclude>
    <ClInclude Include="TextFile\TextFile.h">
      <Filter>Header Files\TextFile</Filter>
    </ClInclude>
    <ClInclude Include="NetworkEditor\NetworkControlFactory.h">
      <Filter>Header Files\NetworkEditor</Filter>
    </ClInclude>
    <ClInclude Include="NetworkEditor\NetworkEditor.h">
      <Filter>Header Files\NetworkEditor</Filter>
    </ClInclude>
    <ClInclude Include="NetworkEditor\NetworkEditorClipboardHandler.h">
      <Filter>Header Files\NetworkEditor</Filter>
    </ClInclude>
    <ClInclude Include="NetworkEditor\NetworkEditorMenu.h">
      <Filter>Header Files\NetworkEditor</Filter>
    </ClInclude>
    <ClInclude Include="NetworkEditor\NetworkEntityContainer.h">
      <Filter>Header Files\NetworkEditor</Filter>
    </ClInclude>
    <ClInclude Include="NetworkEditor\NetworkLink.h">
      <Filter>Header Files\NetworkEditor</Filter>
    </ClInclude>
    <ClInclude Include="NetworkEditor\NetworkSymbol.h">
      <Filter>Header Files\NetworkEditor</Filter>
    </ClInclude>
    <ClInclude Include="NetworkEditor\PropertyDialog.h">
      <Filter>Header Files\NetworkEditor</Filter>
    </ClInclude>
    <ClInclude Include="DiagramEditor\HitParams.h">
      <Filter>Header Files\DiagramEditor</Filter>
    </ClInclude>
    <ClInclude Include="DiagramEditor\HitParamsRect.h">
      <Filter>Header Files\DiagramEditor</Filter>
    </ClInclude>
    <ClInclude Include="NetDoc.h">
      <Filter>Header Files</Filter>
    </ClInclude>
    <ClInclude Include="NetView.h">
      <Filter>Header Files</Filter>
    </ClInclude>
    <ClInclude Include="FlowchartEditor\FlowchartClipboardHandler.h">
      <Filter>Header Files\FlowchartEditor</Filter>
    </ClInclude>
    <ClInclude Include="FlowchartEditor\FlowchartControlFactory.h">
      <Filter>Header Files\FlowchartEditor</Filter>
    </ClInclude>
    <ClInclude Include="FlowchartEditor\FlowchartEditor.h">
      <Filter>Header Files\FlowchartEditor</Filter>
    </ClInclude>
    <ClInclude Include="FlowchartEditor\FlowchartEntity.h">
      <Filter>Header Files\FlowchartEditor</Filter>
    </ClInclude>
    <ClInclude Include="FlowchartEditor\FlowchartEntityBox.h">
      <Filter>Header Files\FlowchartEditor</Filter>
    </ClInclude>
    <ClInclude Include="FlowchartEditor\FlowchartEntityCondition.h">
      <Filter>Header Files\FlowchartEditor</Filter>
    </ClInclude>
    <ClInclude Include="FlowchartEditor\FlowchartEntityConnector.h">
      <Filter>Header Files\FlowchartEditor</Filter>
    </ClInclude>
    <ClInclude Include="FlowchartEditor\FlowchartEntityContainer.h">
      <Filter>Header Files\FlowchartEditor</Filter>
    </ClInclude>
    <ClInclude Include="FlowchartEditor\FlowchartEntityIO.h">
      <Filter>Header Files\FlowchartEditor</Filter>
    </ClInclude>
    <ClInclude Include="FlowchartEditor\FlowchartEntityTerminator.h">
      <Filter>Header Files\FlowchartEditor</Filter>
    </ClInclude>
    <ClInclude Include="FlowchartEditor\FlowchartLabel.h">
      <Filter>Header Files\FlowchartEditor</Filter>
    </ClInclude>
    <ClInclude Include="FlowchartEditor\FlowchartLineSegment.h">
      <Filter>Header Files\FlowchartEditor</Filter>
    </ClInclude>
    <ClInclude Include="FlowchartEditor\FlowchartLink.h">
      <Filter>Header Files\FlowchartEditor</Filter>
    </ClInclude>
    <ClInclude Include="FlowchartEditor\FlowchartLinkableLineSegment.h">
      <Filter>Header Files\FlowchartEditor</Filter>
    </ClInclude>
    <ClInclude Include="FlowchartEditor\FlowchartLinkPropertiesDialog.h">
      <Filter>Header Files\FlowchartEditor</Filter>
    </ClInclude>
    <ClInclude Include="FlowchartEditor\FlowchartMenu.h">
      <Filter>Header Files\FlowchartEditor</Filter>
    </ClInclude>
    <ClInclude Include="FlowchartEditor\LabelPropertyDialog.h">
      <Filter>Header Files\FlowchartEditor</Filter>
    </ClInclude>
    <ClInclude Include="FlowchartDoc.h">
      <Filter>Header Files</Filter>
    </ClInclude>
    <ClInclude Include="FlowchartView.h">
      <Filter>Header Files</Filter>
    </ClInclude>
    <ClInclude Include="DialogEditor\ButtonPropertyDlg.h">
      <Filter>Header Files\DialogEditor</Filter>
    </ClInclude>
    <ClInclude Include="DialogEditor\DiagramButton.h">
      <Filter>Header Files\DialogEditor</Filter>
    </ClInclude>
    <ClInclude Include="DialogEditor\DiagramCheckbox.h">
      <Filter>Header Files\DialogEditor</Filter>
    </ClInclude>
    <ClInclude Include="DialogEditor\DiagramCombobox.h">
      <Filter>Header Files\DialogEditor</Filter>
    </ClInclude>
    <ClInclude Include="DialogEditor\DiagramControlFactory.h">
      <Filter>Header Files\DialogEditor</Filter>
    </ClInclude>
    <ClInclude Include="DialogEditor\DiagramEdit.h">
      <Filter>Header Files\DialogEditor</Filter>
    </ClInclude>
    <ClInclude Include="DialogEditor\DiagramGroupbox.h">
      <Filter>Header Files\DialogEditor</Filter>
    </ClInclude>
    <ClInclude Include="DialogEditor\DiagramListbox.h">
      <Filter>Header Files\DialogEditor</Filter>
    </ClInclude>
    <ClInclude Include="DialogEditor\DiagramRadiobutton.h">
      <Filter>Header Files\DialogEditor</Filter>
    </ClInclude>
    <ClInclude Include="DialogEditor\DiagramStatic.h">
      <Filter>Header Files\DialogEditor</Filter>
    </ClInclude>
    <ClInclude Include="DialogEditor\DialogSettings.h">
      <Filter>Header Files\DialogEditor</Filter>
    </ClInclude>
    <ClInclude Include="DialogEditor\EditPropertyDlg.h">
      <Filter>Header Files\DialogEditor</Filter>
    </ClInclude>
    <ClInclude Include="DialogEditor\StdGrfx.h">
      <Filter>Header Files\DialogEditor</Filter>
    </ClInclude>
    <ClInclude Include="DialogEditorDoc.h">
      <Filter>Header Files</Filter>
    </ClInclude>
    <ClInclude Include="DialogEditorView.h">
      <Filter>Header Files</Filter>
    </ClInclude>
    <ClInclude Include="DialogEditor\DialogEditor.h">
      <Filter>Header Files\DialogEditor</Filter>
    </ClInclude>
  </ItemGroup>
  <ItemGroup>
    <ClCompile Include="Tulip.cpp">
      <Filter>Source Files</Filter>
    </ClCompile>
    <ClCompile Include="stdafx.cpp">
      <Filter>Source Files</Filter>
    </ClCompile>
    <ClCompile Include="MainFrm.cpp">
      <Filter>Source Files</Filter>
    </ClCompile>
    <ClCompile Include="ChildFrm.cpp">
      <Filter>Source Files</Filter>
    </ClCompile>
    <ClCompile Include="UMLEditor\AddParameterDialog.cpp">
      <Filter>Source Files\UMLEditor</Filter>
    </ClCompile>
    <ClCompile Include="UMLEditor\Attribute.cpp">
      <Filter>Source Files\UMLEditor</Filter>
    </ClCompile>
    <ClCompile Include="UMLEditor\AttributeContainer.cpp">
      <Filter>Source Files\UMLEditor</Filter>
    </ClCompile>
    <ClCompile Include="UMLEditor\ClassAttributePropertyDialog.cpp">
      <Filter>Source Files\UMLEditor</Filter>
    </ClCompile>
    <ClCompile Include="UMLEditor\ClassDisplayPropertyDialog.cpp">
      <Filter>Source Files\UMLEditor</Filter>
    </ClCompile>
    <ClCompile Include="UMLEditor\ClassOperationPropertyDialog.cpp">
      <Filter>Source Files\UMLEditor</Filter>
    </ClCompile>
    <ClCompile Include="UMLEditor\ExListBox.cpp">
      <Filter>Source Files\UMLEditor</Filter>
    </ClCompile>
    <ClCompile Include="UMLEditor\GetterSetterDialog.cpp">
      <Filter>Source Files\UMLEditor</Filter>
    </ClCompile>
    <ClCompile Include="UMLEditor\LinkFactory.cpp">
      <Filter>Source Files\UMLEditor</Filter>
    </ClCompile>
    <ClCompile Include="UMLEditor\Operation.cpp">
      <Filter>Source Files\UMLEditor</Filter>
    </ClCompile>
    <ClCompile Include="UMLEditor\OperationContainer.cpp">
      <Filter>Source Files\UMLEditor</Filter>
    </ClCompile>
    <ClCompile Include="UMLEditor\Parameter.cpp">
      <Filter>Source Files\UMLEditor</Filter>
    </ClCompile>
    <ClCompile Include="UMLEditor\ParameterContainer.cpp">
      <Filter>Source Files\UMLEditor</Filter>
    </ClCompile>
    <ClCompile Include="UMLEditor\Property.cpp">
      <Filter>Source Files\UMLEditor</Filter>
    </ClCompile>
    <ClCompile Include="UMLEditor\PropertyContainer.cpp">
      <Filter>Source Files\UMLEditor</Filter>
    </ClCompile>
    <ClCompile Include="UMLEditor\PropertyListEditorDialog.cpp">
      <Filter>Source Files\UMLEditor</Filter>
    </ClCompile>
    <ClCompile Include="UMLEditor\StringHelpers.cpp">
      <Filter>Source Files\UMLEditor</Filter>
    </ClCompile>
    <ClCompile Include="UMLEditor\UMLClassPropertyDialog.cpp">
      <Filter>Source Files\UMLEditor</Filter>
    </ClCompile>
    <ClCompile Include="UMLEditor\UMLClipboardHandler.cpp">
      <Filter>Source Files\UMLEditor</Filter>
    </ClCompile>
    <ClCompile Include="UMLEditor\UMLControlFactory.cpp">
      <Filter>Source Files\UMLEditor</Filter>
    </ClCompile>
    <ClCompile Include="UMLEditor\UMLEditor.cpp">
      <Filter>Source Files\UMLEditor</Filter>
    </ClCompile>
    <ClCompile Include="UMLEditor\UMLEditorPropertyDialog.cpp">
      <Filter>Source Files\UMLEditor</Filter>
    </ClCompile>
    <ClCompile Include="UMLEditor\UMLEntity.cpp">
      <Filter>Source Files\UMLEditor</Filter>
    </ClCompile>
    <ClCompile Include="UMLEditor\UMLEntityClass.cpp">
      <Filter>Source Files\UMLEditor</Filter>
    </ClCompile>
    <ClCompile Include="UMLEditor\UMLEntityClassTemplate.cpp">
      <Filter>Source Files\UMLEditor</Filter>
    </ClCompile>
    <ClCompile Include="UMLEditor\UMLEntityContainer.cpp">
      <Filter>Source Files\UMLEditor</Filter>
    </ClCompile>
    <ClCompile Include="UMLEditor\UMLEntityDummy.cpp">
      <Filter>Source Files\UMLEditor</Filter>
    </ClCompile>
    <ClCompile Include="UMLEditor\UMLEntityInterface.cpp">
      <Filter>Source Files\UMLEditor</Filter>
    </ClCompile>
    <ClCompile Include="UMLEditor\UMLEntityLabel.cpp">
      <Filter>Source Files\UMLEditor</Filter>
    </ClCompile>
    <ClCompile Include="UMLEditor\UMLEntityNote.cpp">
      <Filter>Source Files\UMLEditor</Filter>
    </ClCompile>
    <ClCompile Include="UMLEditor\UMLEntityPackage.cpp">
      <Filter>Source Files\UMLEditor</Filter>
    </ClCompile>
    <ClCompile Include="UMLEditor\UMLInterfacePropertyDialog.cpp">
      <Filter>Source Files\UMLEditor</Filter>
    </ClCompile>
    <ClCompile Include="UMLEditor\UMLLabelPropertyDialog.cpp">
      <Filter>Source Files\UMLEditor</Filter>
    </ClCompile>
    <ClCompile Include="UMLEditor\UMLLineSegment.cpp">
      <Filter>Source Files\UMLEditor</Filter>
    </ClCompile>
    <ClCompile Include="UMLEditor\UMLLinkPropertyDialog.cpp">
      <Filter>Source Files\UMLEditor</Filter>
    </ClCompile>
    <ClCompile Include="UMLEditor\UMLMenu.cpp">
      <Filter>Source Files\UMLEditor</Filter>
    </ClCompile>
    <ClCompile Include="UMLEditor\UMLNotePropertyDialog.cpp">
      <Filter>Source Files\UMLEditor</Filter>
    </ClCompile>
    <ClCompile Include="UMLEditor\UMLPackagePropertyDialog.cpp">
      <Filter>Source Files\UMLEditor</Filter>
    </ClCompile>
    <ClCompile Include="UMLEditor\UMLTemplatePropertyDialog.cpp">
      <Filter>Source Files\UMLEditor</Filter>
    </ClCompile>
    <ClCompile Include="UMLEditor\UMLUndoItem.cpp">
      <Filter>Source Files\UMLEditor</Filter>
    </ClCompile>
    <ClCompile Include="ExportDialog.cpp">
      <Filter>Source Files</Filter>
    </ClCompile>
    <ClCompile Include="UmlDoc.cpp">
      <Filter>Source Files</Filter>
    </ClCompile>
    <ClCompile Include="UmlView.cpp">
      <Filter>Source Files</Filter>
    </ClCompile>
    <ClCompile Include="DiagramEditor\DiagramClipboardHandler.cpp">
      <Filter>Source Files\DiagramEditor</Filter>
    </ClCompile>
    <ClCompile Include="DiagramEditor\DiagramEditor.cpp">
      <Filter>Source Files\DiagramEditor</Filter>
    </ClCompile>
    <ClCompile Include="DiagramEditor\DiagramEntity.cpp">
      <Filter>Source Files\DiagramEditor</Filter>
    </ClCompile>
    <ClCompile Include="DiagramEditor\DiagramEntityContainer.cpp">
      <Filter>Source Files\DiagramEditor</Filter>
    </ClCompile>
    <ClCompile Include="DiagramEditor\DiagramLine.cpp">
      <Filter>Source Files\DiagramEditor</Filter>
    </ClCompile>
    <ClCompile Include="DiagramEditor\DiagramMenu.cpp">
      <Filter>Source Files\DiagramEditor</Filter>
    </ClCompile>
    <ClCompile Include="DiagramEditor\DiagramPropertyDlg.cpp">
      <Filter>Source Files\DiagramEditor</Filter>
    </ClCompile>
    <ClCompile Include="DiagramEditor\GroupFactory.cpp">
      <Filter>Source Files\DiagramEditor</Filter>
    </ClCompile>
    <ClCompile Include="DiagramEditor\Tokenizer.cpp">
      <Filter>Source Files\DiagramEditor</Filter>
    </ClCompile>
    <ClCompile Include="DiagramEditor\UndoItem.cpp">
      <Filter>Source Files\DiagramEditor</Filter>
    </ClCompile>
    <ClCompile Include="DiskObject\DiskObject.cpp">
      <Filter>Source Files\DiskObject</Filter>
    </ClCompile>
    <ClCompile Include="TextFile\TextFile.cpp">
      <Filter>Source Files\TextFile</Filter>
    </ClCompile>
    <ClCompile Include="NetworkEditor\NetworkControlFactory.cpp">
      <Filter>Source Files\NetworkEditor</Filter>
    </ClCompile>
    <ClCompile Include="NetworkEditor\NetworkEditor.cpp">
      <Filter>Source Files\NetworkEditor</Filter>
    </ClCompile>
    <ClCompile Include="NetworkEditor\NetworkEditorClipboardHandler.cpp">
      <Filter>Source Files\NetworkEditor</Filter>
    </ClCompile>
    <ClCompile Include="NetworkEditor\NetworkEditorMenu.cpp">
      <Filter>Source Files\NetworkEditor</Filter>
    </ClCompile>
    <ClCompile Include="NetworkEditor\NetworkEntityContainer.cpp">
      <Filter>Source Files\NetworkEditor</Filter>
    </ClCompile>
    <ClCompile Include="NetworkEditor\NetworkLink.cpp">
      <Filter>Source Files\NetworkEditor</Filter>
    </ClCompile>
    <ClCompile Include="NetworkEditor\NetworkSymbol.cpp">
      <Filter>Source Files\NetworkEditor</Filter>
    </ClCompile>
    <ClCompile Include="NetworkEditor\PropertyDialog.cpp">
      <Filter>Source Files\NetworkEditor</Filter>
    </ClCompile>
    <ClCompile Include="NetDoc.cpp">
      <Filter>Source Files</Filter>
    </ClCompile>
    <ClCompile Include="NetView.cpp">
      <Filter>Source Files</Filter>
    </ClCompile>
    <ClCompile Include="FlowchartEditor\FlowchartClipboardHandler.cpp">
      <Filter>Source Files\FlowchartEditor</Filter>
    </ClCompile>
    <ClCompile Include="FlowchartEditor\FlowchartControlFactory.cpp">
      <Filter>Source Files\FlowchartEditor</Filter>
    </ClCompile>
    <ClCompile Include="FlowchartEditor\FlowchartEditor.cpp">
      <Filter>Source Files\FlowchartEditor</Filter>
    </ClCompile>
    <ClCompile Include="FlowchartEditor\FlowchartEntity.cpp">
      <Filter>Source Files\FlowchartEditor</Filter>
    </ClCompile>
    <ClCompile Include="FlowchartEditor\FlowchartEntityBox.cpp">
      <Filter>Source Files\FlowchartEditor</Filter>
    </ClCompile>
    <ClCompile Include="FlowchartEditor\FlowchartEntityCondition.cpp">
      <Filter>Source Files\FlowchartEditor</Filter>
    </ClCompile>
    <ClCompile Include="FlowchartEditor\FlowchartEntityConnector.cpp">
      <Filter>Source Files\FlowchartEditor</Filter>
    </ClCompile>
    <ClCompile Include="FlowchartEditor\FlowchartEntityContainer.cpp">
      <Filter>Source Files\FlowchartEditor</Filter>
    </ClCompile>
    <ClCompile Include="FlowchartEditor\FlowchartEntityIO.cpp">
      <Filter>Source Files\FlowchartEditor</Filter>
    </ClCompile>
    <ClCompile Include="FlowchartEditor\FlowchartEntityTerminator.cpp">
      <Filter>Source Files\FlowchartEditor</Filter>
    </ClCompile>
    <ClCompile Include="FlowchartEditor\FlowchartLabel.cpp">
      <Filter>Source Files\FlowchartEditor</Filter>
    </ClCompile>
    <ClCompile Include="FlowchartEditor\FlowchartLineSegment.cpp">
      <Filter>Source Files\FlowchartEditor</Filter>
    </ClCompile>
    <ClCompile Include="FlowchartEditor\FlowchartLink.cpp">
      <Filter>Source Files\FlowchartEditor</Filter>
    </ClCompile>
    <ClCompile Include="FlowchartEditor\FlowchartLinkableLineSegment.cpp">
      <Filter>Source Files\FlowchartEditor</Filter>
    </ClCompile>
    <ClCompile Include="FlowchartEditor\FlowchartLinkPropertiesDialog.cpp">
      <Filter>Source Files\FlowchartEditor</Filter>
    </ClCompile>
    <ClCompile Include="FlowchartEditor\FlowchartMenu.cpp">
      <Filter>Source Files\FlowchartEditor</Filter>
    </ClCompile>
    <ClCompile Include="FlowchartEditor\LabelPropertyDialog.cpp">
      <Filter>Source Files\FlowchartEditor</Filter>
    </ClCompile>
    <ClCompile Include="FlowchartDoc.cpp">
      <Filter>Source Files</Filter>
    </ClCompile>
    <ClCompile Include="FlowchartView.cpp">
      <Filter>Source Files</Filter>
    </ClCompile>
    <ClCompile Include="DialogEditor\ButtonPropertyDlg.cpp">
      <Filter>Source Files\DialogEditor</Filter>
    </ClCompile>
    <ClCompile Include="DialogEditor\DiagramButton.cpp">
      <Filter>Source Files\DialogEditor</Filter>
    </ClCompile>
    <ClCompile Include="DialogEditor\DiagramCheckbox.cpp">
      <Filter>Source Files\DialogEditor</Filter>
    </ClCompile>
    <ClCompile Include="DialogEditor\DiagramCombobox.cpp">
      <Filter>Source Files\DialogEditor</Filter>
    </ClCompile>
    <ClCompile Include="DialogEditor\DiagramControlFactory.cpp">
      <Filter>Source Files\DialogEditor</Filter>
    </ClCompile>
    <ClCompile Include="DialogEditor\DiagramEdit.cpp">
      <Filter>Source Files\DialogEditor</Filter>
    </ClCompile>
    <ClCompile Include="DialogEditor\DiagramGroupbox.cpp">
      <Filter>Source Files\DialogEditor</Filter>
    </ClCompile>
    <ClCompile Include="DialogEditor\DiagramListbox.cpp">
      <Filter>Source Files\DialogEditor</Filter>
    </ClCompile>
    <ClCompile Include="DialogEditor\DiagramRadiobutton.cpp">
      <Filter>Source Files\DialogEditor</Filter>
    </ClCompile>
    <ClCompile Include="DialogEditor\DiagramStatic.cpp">
      <Filter>Source Files\DialogEditor</Filter>
    </ClCompile>
    <ClCompile Include="DialogEditor\DialogSettings.cpp">
      <Filter>Source Files\DialogEditor</Filter>
    </ClCompile>
    <ClCompile Include="DialogEditor\EditPropertyDlg.cpp">
      <Filter>Source Files\DialogEditor</Filter>
    </ClCompile>
    <ClCompile Include="DialogEditor\StdGrfx.cpp">
      <Filter>Source Files\DialogEditor</Filter>
    </ClCompile>
    <ClCompile Include="DialogEditorDoc.cpp">
      <Filter>Source Files</Filter>
    </ClCompile>
    <ClCompile Include="DialogEditorView.cpp">
      <Filter>Source Files</Filter>
    </ClCompile>
    <ClCompile Include="DialogEditor\DialogEditor.cpp">
      <Filter>Source Files\DialogEditor</Filter>
    </ClCompile>
  </ItemGroup>
  <ItemGroup>
    <None Include="res\ribbon.mfcribbon-ms">
      <Filter>Resource Files</Filter>
    </None>
    <None Include="res\Tulip.rc2">
      <Filter>Resource Files</Filter>
    </None>
    <None Include="UMLEditor\res\draw.cur">
      <Filter>Resource Files</Filter>
    </None>
    <None Include="UMLEditor\res\up.cur">
      <Filter>Resource Files</Filter>
    </None>
    <None Include="UMLEditor\res\attach.cur">
      <Filter>Resource Files</Filter>
    </None>
  </ItemGroup>
  <ItemGroup>
    <ResourceCompile Include="Tulip.rc">
      <Filter>Resource Files</Filter>
    </ResourceCompile>
  </ItemGroup>
  <ItemGroup>
    <Image Include="res\buttons.bmp">
      <Filter>Resource Files</Filter>
    </Image>
    <Image Include="res\TulipDoc.ico">
      <Filter>Resource Files</Filter>
    </Image>
    <Image Include="res\Tulip.ico">
      <Filter>Resource Files</Filter>
    </Image>
    <Image Include="res\Toolbar.bmp">
      <Filter>Resource Files</Filter>
    </Image>
    <Image Include="res\Toolbar256.bmp">
      <Filter>Resource Files</Filter>
    </Image>
    <Image Include="UMLEditor\res\up.ico">
      <Filter>Resource Files</Filter>
    </Image>
    <Image Include="res\main.png">
      <Filter>Resource Files</Filter>
    </Image>
    <Image Include="res\filelarge.png">
      <Filter>Resource Files</Filter>
    </Image>
    <Image Include="res\filesmall.png">
      <Filter>Resource Files</Filter>
    </Image>
    <Image Include="res\writelarge.png">
      <Filter>Resource Files</Filter>
    </Image>
    <Image Include="res\writesmall.png">
      <Filter>Resource Files</Filter>
    </Image>
    <Image Include="res\bitmap1.bmp">
      <Filter>Resource Files</Filter>
    </Image>
    <Image Include="NetworkEditor\res\bitmap_adsl.bmp">
      <Filter>Resource Files</Filter>
    </Image>
    <Image Include="NetworkEditor\res\bitmap_client.bmp">
      <Filter>Resource Files</Filter>
    </Image>
    <Image Include="NetworkEditor\res\bitmap_hub.bmp">
      <Filter>Resource Files</Filter>
    </Image>
    <Image Include="NetworkEditor\res\bitmap_internet.bmp">
      <Filter>Resource Files</Filter>
    </Image>
    <Image Include="NetworkEditor\res\bitmap_printer.bmp">
      <Filter>Resource Files</Filter>
    </Image>
    <Image Include="NetworkEditor\res\bitmap_server.bmp">
      <Filter>Resource Files</Filter>
    </Image>
  </ItemGroup>
</Project>